// !$*UTF8*$!
{
	archiveVersion = 1;
	classes = {
	};
	objectVersion = 46;
	objects = {

/* Begin PBXBuildFile section */
		814C3ACB1B69877600E307BB /* Images.xcassets in Resources */ = {isa = PBXBuildFile; fileRef = 814C3AC81B69877600E307BB /* Images.xcassets */; };
		81BA81701A49DB6800E65899 /* Bolts.framework in Frameworks */ = {isa = PBXBuildFile; fileRef = 81BA816B1A49DB6800E65899 /* Bolts.framework */; };
		81BA81711A49DB6800E65899 /* Parse.framework in Frameworks */ = {isa = PBXBuildFile; fileRef = 81BA816C1A49DB6800E65899 /* Parse.framework */; };
		81BA81771A49E0D500E65899 /* libsqlite3.dylib in Frameworks */ = {isa = PBXBuildFile; fileRef = 81BA81761A49E0D500E65899 /* libsqlite3.dylib */; };
		81BA81791A49E0DB00E65899 /* AudioToolbox.framework in Frameworks */ = {isa = PBXBuildFile; fileRef = 81BA81781A49E0DB00E65899 /* AudioToolbox.framework */; };
		81BA817B1A49E0E500E65899 /* SystemConfiguration.framework in Frameworks */ = {isa = PBXBuildFile; fileRef = 81BA817A1A49E0E500E65899 /* SystemConfiguration.framework */; };
		81BA817F1A49E0F000E65899 /* libstdc++.6.dylib in Frameworks */ = {isa = PBXBuildFile; fileRef = 81BA817E1A49E0F000E65899 /* libstdc++.6.dylib */; };
		9D1776FA1C480D38004B85C2 /* Goal.swift in Sources */ = {isa = PBXBuildFile; fileRef = 9D1776F91C480D38004B85C2 /* Goal.swift */; };
		9D1776FF1C482264004B85C2 /* SubGoal.swift in Sources */ = {isa = PBXBuildFile; fileRef = 9D1776FE1C482264004B85C2 /* SubGoal.swift */; };
		9D1777011C482F24004B85C2 /* SignUp.swift in Sources */ = {isa = PBXBuildFile; fileRef = 9D1777001C482F23004B85C2 /* SignUp.swift */; };
		9D1777071C4C3AFB004B85C2 /* SignUpData.swift in Sources */ = {isa = PBXBuildFile; fileRef = 9D1777061C4C3AFB004B85C2 /* SignUpData.swift */; };
		9D1777091C4C416E004B85C2 /* RegisterViewController.swift in Sources */ = {isa = PBXBuildFile; fileRef = 9D1777081C4C416E004B85C2 /* RegisterViewController.swift */; };
		9DBF62361C3AF1C400042643 /* ColorExtension.swift in Sources */ = {isa = PBXBuildFile; fileRef = 9DBF62351C3AF1C400042643 /* ColorExtension.swift */; };
		9DE085B01C45AF5A009A8DE6 /* Team.swift in Sources */ = {isa = PBXBuildFile; fileRef = 9DE085AF1C45AF5A009A8DE6 /* Team.swift */; };
		9DE501981C4F0F61002BDC3C /* DashboardViewController_old.swift in Sources */ = {isa = PBXBuildFile; fileRef = 9DE501971C4F0F61002BDC3C /* DashboardViewController_old.swift */; };
		9DE5019A1C4F1001002BDC3C /* UserDashboardData.swift in Sources */ = {isa = PBXBuildFile; fileRef = 9DE501991C4F1001002BDC3C /* UserDashboardData.swift */; };
		9DE5019C1C4F100D002BDC3C /* TeamDashboardData.swift in Sources */ = {isa = PBXBuildFile; fileRef = 9DE5019B1C4F100D002BDC3C /* TeamDashboardData.swift */; };
		9DF0CE5B1C3C5AFA004C98A2 /* Colors.swift in Sources */ = {isa = PBXBuildFile; fileRef = 9DF0CE5A1C3C5AFA004C98A2 /* Colors.swift */; };
		9DF0CE651C3C5B17004C98A2 /* DashboardViewController.swift in Sources */ = {isa = PBXBuildFile; fileRef = 9DF0CE5C1C3C5B17004C98A2 /* DashboardViewController.swift */; };
		9DF0CE661C3C5B17004C98A2 /* LaunchViewController.swift in Sources */ = {isa = PBXBuildFile; fileRef = 9DF0CE5D1C3C5B17004C98A2 /* LaunchViewController.swift */; };
		9DF0CE671C3C5B17004C98A2 /* AchieveGoalViewController.swift in Sources */ = {isa = PBXBuildFile; fileRef = 9DF0CE5E1C3C5B17004C98A2 /* AchieveGoalViewController.swift */; };
		9DF0CE681C3C5B17004C98A2 /* CreateTeamViewController.swift in Sources */ = {isa = PBXBuildFile; fileRef = 9DF0CE5F1C3C5B17004C98A2 /* CreateTeamViewController.swift */; };
		9DF0CE691C3C5B17004C98A2 /* GoalTypeViewController.swift in Sources */ = {isa = PBXBuildFile; fileRef = 9DF0CE601C3C5B17004C98A2 /* GoalTypeViewController.swift */; };
		9DF0CE6A1C3C5B17004C98A2 /* JoinTeamViewController.swift in Sources */ = {isa = PBXBuildFile; fileRef = 9DF0CE611C3C5B17004C98A2 /* JoinTeamViewController.swift */; };
		9DF0CE6B1C3C5B17004C98A2 /* LoginViewController.swift in Sources */ = {isa = PBXBuildFile; fileRef = 9DF0CE621C3C5B17004C98A2 /* LoginViewController.swift */; };
		9DF0CE6C1C3C5B17004C98A2 /* MilestoneViewController.swift in Sources */ = {isa = PBXBuildFile; fileRef = 9DF0CE631C3C5B17004C98A2 /* MilestoneViewController.swift */; };
		9DF0CE6F1C3C5B4E004C98A2 /* TeamSelectionViewController.swift in Sources */ = {isa = PBXBuildFile; fileRef = 9DF0CE6E1C3C5B4E004C98A2 /* TeamSelectionViewController.swift */; };
		9DF0CE711C3C5B5E004C98A2 /* WeightGoalViewController.swift in Sources */ = {isa = PBXBuildFile; fileRef = 9DF0CE701C3C5B5E004C98A2 /* WeightGoalViewController.swift */; };
		9DF0CE731C3C5B6B004C98A2 /* AppDelegate.swift in Sources */ = {isa = PBXBuildFile; fileRef = 9DF0CE721C3C5B6B004C98A2 /* AppDelegate.swift */; };
		9DF0CE761C3C5B93004C98A2 /* Launch Screen.storyboard in Resources */ = {isa = PBXBuildFile; fileRef = 9DF0CE741C3C5B93004C98A2 /* Launch Screen.storyboard */; };
		9DF0CE771C3C5B93004C98A2 /* LaunchView.swift in Sources */ = {isa = PBXBuildFile; fileRef = 9DF0CE751C3C5B93004C98A2 /* LaunchView.swift */; };
		9DF0CE791C3C5B9C004C98A2 /* Main.storyboard in Resources */ = {isa = PBXBuildFile; fileRef = 9DF0CE781C3C5B9C004C98A2 /* Main.storyboard */; };
		9DF0CE7F1C3C5BB3004C98A2 /* Dashboard.swift in Sources */ = {isa = PBXBuildFile; fileRef = 9DF0CE7A1C3C5BB3004C98A2 /* Dashboard.swift */; };
		9DF0CE801C3C5BB3004C98A2 /* goalData.swift in Sources */ = {isa = PBXBuildFile; fileRef = 9DF0CE7B1C3C5BB3004C98A2 /* goalData.swift */; };
		9DF0CE831C3C5BB3004C98A2 /* CustomUser.swift in Sources */ = {isa = PBXBuildFile; fileRef = 9DF0CE7E1C3C5BB3004C98A2 /* CustomUser.swift */; };
/* End PBXBuildFile section */

/* Begin PBXFileReference section */
		814C3AC81B69877600E307BB /* Images.xcassets */ = {isa = PBXFileReference; lastKnownFileType = folder.assetcatalog; path = Images.xcassets; sourceTree = "<group>"; };
		814C3AC91B69877600E307BB /* Info.plist */ = {isa = PBXFileReference; fileEncoding = 4; lastKnownFileType = text.plist.xml; path = Info.plist; sourceTree = "<group>"; };
		81BA81451A49DA1800E65899 /* Meta.app */ = {isa = PBXFileReference; explicitFileType = wrapper.application; includeInIndex = 0; path = Meta.app; sourceTree = BUILT_PRODUCTS_DIR; };
		81BA816B1A49DB6800E65899 /* Bolts.framework */ = {isa = PBXFileReference; lastKnownFileType = wrapper.framework; path = Bolts.framework; sourceTree = "<group>"; };
		81BA816C1A49DB6800E65899 /* Parse.framework */ = {isa = PBXFileReference; lastKnownFileType = wrapper.framework; path = Parse.framework; sourceTree = "<group>"; };
		81BA816D1A49DB6800E65899 /* ParseCrashReporting.framework */ = {isa = PBXFileReference; lastKnownFileType = wrapper.framework; path = ParseCrashReporting.framework; sourceTree = "<group>"; };
		81BA816E1A49DB6800E65899 /* ParseFacebookUtils.framework */ = {isa = PBXFileReference; lastKnownFileType = wrapper.framework; path = ParseFacebookUtils.framework; sourceTree = "<group>"; };
		81BA81761A49E0D500E65899 /* libsqlite3.dylib */ = {isa = PBXFileReference; lastKnownFileType = "compiled.mach-o.dylib"; name = libsqlite3.dylib; path = usr/lib/libsqlite3.dylib; sourceTree = SDKROOT; };
		81BA81781A49E0DB00E65899 /* AudioToolbox.framework */ = {isa = PBXFileReference; lastKnownFileType = wrapper.framework; name = AudioToolbox.framework; path = System/Library/Frameworks/AudioToolbox.framework; sourceTree = SDKROOT; };
		81BA817A1A49E0E500E65899 /* SystemConfiguration.framework */ = {isa = PBXFileReference; lastKnownFileType = wrapper.framework; name = SystemConfiguration.framework; path = System/Library/Frameworks/SystemConfiguration.framework; sourceTree = SDKROOT; };
		81BA817E1A49E0F000E65899 /* libstdc++.6.dylib */ = {isa = PBXFileReference; lastKnownFileType = "compiled.mach-o.dylib"; name = "libstdc++.6.dylib"; path = "usr/lib/libstdc++.6.dylib"; sourceTree = SDKROOT; };
		81BA81801A49E10C00E65899 /* ParseUI.framework */ = {isa = PBXFileReference; lastKnownFileType = wrapper.framework; path = ParseUI.framework; sourceTree = "<group>"; };
		9D1776F91C480D38004B85C2 /* Goal.swift */ = {isa = PBXFileReference; fileEncoding = 4; lastKnownFileType = sourcecode.swift; path = Goal.swift; sourceTree = SOURCE_ROOT; };
		9D1776FB1C481C15004B85C2 /* Meta-Bridging-Header.h */ = {isa = PBXFileReference; lastKnownFileType = sourcecode.c.h; path = "Meta-Bridging-Header.h"; sourceTree = "<group>"; };
		9D1776FE1C482264004B85C2 /* SubGoal.swift */ = {isa = PBXFileReference; fileEncoding = 4; lastKnownFileType = sourcecode.swift; path = SubGoal.swift; sourceTree = SOURCE_ROOT; };
		9D1777001C482F23004B85C2 /* SignUp.swift */ = {isa = PBXFileReference; fileEncoding = 4; lastKnownFileType = sourcecode.swift; path = SignUp.swift; sourceTree = SOURCE_ROOT; };
		9D1777061C4C3AFB004B85C2 /* SignUpData.swift */ = {isa = PBXFileReference; fileEncoding = 4; lastKnownFileType = sourcecode.swift; path = SignUpData.swift; sourceTree = SOURCE_ROOT; };
		9D1777081C4C416E004B85C2 /* RegisterViewController.swift */ = {isa = PBXFileReference; fileEncoding = 4; lastKnownFileType = sourcecode.swift; path = RegisterViewController.swift; sourceTree = SOURCE_ROOT; };
		9DBF62351C3AF1C400042643 /* ColorExtension.swift */ = {isa = PBXFileReference; fileEncoding = 4; lastKnownFileType = sourcecode.swift; path = ColorExtension.swift; sourceTree = "<group>"; };
		9DE085AF1C45AF5A009A8DE6 /* Team.swift */ = {isa = PBXFileReference; fileEncoding = 4; lastKnownFileType = sourcecode.swift; path = Team.swift; sourceTree = SOURCE_ROOT; };
		9DE501971C4F0F61002BDC3C /* DashboardViewController_old.swift */ = {isa = PBXFileReference; fileEncoding = 4; lastKnownFileType = sourcecode.swift; path = DashboardViewController_old.swift; sourceTree = SOURCE_ROOT; };
		9DE501991C4F1001002BDC3C /* UserDashboardData.swift */ = {isa = PBXFileReference; fileEncoding = 4; lastKnownFileType = sourcecode.swift; path = UserDashboardData.swift; sourceTree = SOURCE_ROOT; };
		9DE5019B1C4F100D002BDC3C /* TeamDashboardData.swift */ = {isa = PBXFileReference; fileEncoding = 4; lastKnownFileType = sourcecode.swift; path = TeamDashboardData.swift; sourceTree = SOURCE_ROOT; };
		9DF0CE5A1C3C5AFA004C98A2 /* Colors.swift */ = {isa = PBXFileReference; fileEncoding = 4; lastKnownFileType = sourcecode.swift; name = Colors.swift; path = Meta/Colors.swift; sourceTree = SOURCE_ROOT; };
		9DF0CE5C1C3C5B17004C98A2 /* DashboardViewController.swift */ = {isa = PBXFileReference; fileEncoding = 4; lastKnownFileType = sourcecode.swift; name = DashboardViewController.swift; path = Meta/DashboardViewController.swift; sourceTree = SOURCE_ROOT; };
		9DF0CE5D1C3C5B17004C98A2 /* LaunchViewController.swift */ = {isa = PBXFileReference; fileEncoding = 4; lastKnownFileType = sourcecode.swift; name = LaunchViewController.swift; path = Meta/LaunchViewController.swift; sourceTree = SOURCE_ROOT; };
		9DF0CE5E1C3C5B17004C98A2 /* AchieveGoalViewController.swift */ = {isa = PBXFileReference; fileEncoding = 4; lastKnownFileType = sourcecode.swift; name = AchieveGoalViewController.swift; path = Meta/AchieveGoalViewController.swift; sourceTree = SOURCE_ROOT; };
		9DF0CE5F1C3C5B17004C98A2 /* CreateTeamViewController.swift */ = {isa = PBXFileReference; fileEncoding = 4; lastKnownFileType = sourcecode.swift; name = CreateTeamViewController.swift; path = Meta/CreateTeamViewController.swift; sourceTree = SOURCE_ROOT; };
		9DF0CE601C3C5B17004C98A2 /* GoalTypeViewController.swift */ = {isa = PBXFileReference; fileEncoding = 4; lastKnownFileType = sourcecode.swift; name = GoalTypeViewController.swift; path = Meta/GoalTypeViewController.swift; sourceTree = SOURCE_ROOT; };
		9DF0CE611C3C5B17004C98A2 /* JoinTeamViewController.swift */ = {isa = PBXFileReference; fileEncoding = 4; lastKnownFileType = sourcecode.swift; name = JoinTeamViewController.swift; path = Meta/JoinTeamViewController.swift; sourceTree = SOURCE_ROOT; };
		9DF0CE621C3C5B17004C98A2 /* LoginViewController.swift */ = {isa = PBXFileReference; fileEncoding = 4; lastKnownFileType = sourcecode.swift; name = LoginViewController.swift; path = Meta/LoginViewController.swift; sourceTree = SOURCE_ROOT; };
		9DF0CE631C3C5B17004C98A2 /* MilestoneViewController.swift */ = {isa = PBXFileReference; fileEncoding = 4; lastKnownFileType = sourcecode.swift; name = MilestoneViewController.swift; path = Meta/MilestoneViewController.swift; sourceTree = SOURCE_ROOT; };
		9DF0CE6E1C3C5B4E004C98A2 /* TeamSelectionViewController.swift */ = {isa = PBXFileReference; fileEncoding = 4; lastKnownFileType = sourcecode.swift; name = TeamSelectionViewController.swift; path = Meta/TeamSelectionViewController.swift; sourceTree = SOURCE_ROOT; };
		9DF0CE701C3C5B5E004C98A2 /* WeightGoalViewController.swift */ = {isa = PBXFileReference; fileEncoding = 4; lastKnownFileType = sourcecode.swift; name = WeightGoalViewController.swift; path = Meta/WeightGoalViewController.swift; sourceTree = SOURCE_ROOT; };
		9DF0CE721C3C5B6B004C98A2 /* AppDelegate.swift */ = {isa = PBXFileReference; fileEncoding = 4; lastKnownFileType = sourcecode.swift; name = AppDelegate.swift; path = Meta/AppDelegate.swift; sourceTree = SOURCE_ROOT; };
		9DF0CE741C3C5B93004C98A2 /* Launch Screen.storyboard */ = {isa = PBXFileReference; fileEncoding = 4; lastKnownFileType = file.storyboard; name = "Launch Screen.storyboard"; path = "Meta/Launch Screen.storyboard"; sourceTree = SOURCE_ROOT; };
		9DF0CE751C3C5B93004C98A2 /* LaunchView.swift */ = {isa = PBXFileReference; fileEncoding = 4; lastKnownFileType = sourcecode.swift; name = LaunchView.swift; path = Meta/LaunchView.swift; sourceTree = SOURCE_ROOT; };
		9DF0CE781C3C5B9C004C98A2 /* Main.storyboard */ = {isa = PBXFileReference; fileEncoding = 4; lastKnownFileType = file.storyboard; name = Main.storyboard; path = Meta/Main.storyboard; sourceTree = SOURCE_ROOT; };
		9DF0CE7A1C3C5BB3004C98A2 /* Dashboard.swift */ = {isa = PBXFileReference; fileEncoding = 4; lastKnownFileType = sourcecode.swift; name = Dashboard.swift; path = Meta/Dashboard.swift; sourceTree = SOURCE_ROOT; };
		9DF0CE7B1C3C5BB3004C98A2 /* goalData.swift */ = {isa = PBXFileReference; fileEncoding = 4; lastKnownFileType = sourcecode.swift; name = goalData.swift; path = Meta/goalData.swift; sourceTree = SOURCE_ROOT; };
		9DF0CE7E1C3C5BB3004C98A2 /* CustomUser.swift */ = {isa = PBXFileReference; fileEncoding = 4; lastKnownFileType = sourcecode.swift; name = CustomUser.swift; path = Meta/CustomUser.swift; sourceTree = SOURCE_ROOT; };
/* End PBXFileReference section */

/* Begin PBXFrameworksBuildPhase section */
		81BA81421A49DA1800E65899 /* Frameworks */ = {
			isa = PBXFrameworksBuildPhase;
			buildActionMask = 2147483647;
			files = (
				81BA817F1A49E0F000E65899 /* libstdc++.6.dylib in Frameworks */,
				81BA817B1A49E0E500E65899 /* SystemConfiguration.framework in Frameworks */,
				81BA81791A49E0DB00E65899 /* AudioToolbox.framework in Frameworks */,
				81BA81771A49E0D500E65899 /* libsqlite3.dylib in Frameworks */,
				81BA81711A49DB6800E65899 /* Parse.framework in Frameworks */,
				81BA81701A49DB6800E65899 /* Bolts.framework in Frameworks */,
			);
			runOnlyForDeploymentPostprocessing = 0;
		};
/* End PBXFrameworksBuildPhase section */

/* Begin PBXGroup section */
		814C3AC51B69877600E307BB /* Resources */ = {
			isa = PBXGroup;
			children = (
				814C3AC81B69877600E307BB /* Images.xcassets */,
				814C3AC91B69877600E307BB /* Info.plist */,
				9DBF62351C3AF1C400042643 /* ColorExtension.swift */,
				9DF0CE5A1C3C5AFA004C98A2 /* Colors.swift */,
				9D1776FB1C481C15004B85C2 /* Meta-Bridging-Header.h */,
			);
			path = Resources;
			sourceTree = "<group>";
		};
		81BA813C1A49DA1800E65899 = {
			isa = PBXGroup;
			children = (
				81BA81471A49DA1800E65899 /* Meta */,
				814C3AC51B69877600E307BB /* Resources */,
				81BA816A1A49DB5600E65899 /* Frameworks */,
				81BA81461A49DA1800E65899 /* Products */,
			);
			sourceTree = "<group>";
		};
		81BA81461A49DA1800E65899 /* Products */ = {
			isa = PBXGroup;
			children = (
				81BA81451A49DA1800E65899 /* Meta.app */,
			);
			name = Products;
			sourceTree = "<group>";
		};
		81BA81471A49DA1800E65899 /* Meta */ = {
			isa = PBXGroup;
			children = (
				9D1F97991C37A57D00534EAB /* Model */,
				9D1F979A1C37A58400534EAB /* View */,
				9D1F979B1C37A58C00534EAB /* Controller */,
			);
			name = Meta;
			path = ParseStarterProject;
			sourceTree = "<group>";
		};
		81BA816A1A49DB5600E65899 /* Frameworks */ = {
			isa = PBXGroup;
			children = (
				81BA816B1A49DB6800E65899 /* Bolts.framework */,
				81BA816C1A49DB6800E65899 /* Parse.framework */,
				81BA816D1A49DB6800E65899 /* ParseCrashReporting.framework */,
				81BA816E1A49DB6800E65899 /* ParseFacebookUtils.framework */,
				81BA81801A49E10C00E65899 /* ParseUI.framework */,
				81BA81751A49E0C500E65899 /* System Frameworks */,
			);
			name = Frameworks;
			sourceTree = "<group>";
		};
		81BA81751A49E0C500E65899 /* System Frameworks */ = {
			isa = PBXGroup;
			children = (
				81BA817E1A49E0F000E65899 /* libstdc++.6.dylib */,
				81BA817A1A49E0E500E65899 /* SystemConfiguration.framework */,
				81BA81781A49E0DB00E65899 /* AudioToolbox.framework */,
				81BA81761A49E0D500E65899 /* libsqlite3.dylib */,
			);
			name = "System Frameworks";
			sourceTree = "<group>";
		};
		9D1F97991C37A57D00534EAB /* Model */ = {
			isa = PBXGroup;
			children = (
				9DE085AE1C45A7B1009A8DE6 /* Data Model */,
				9DF0CE7A1C3C5BB3004C98A2 /* Dashboard.swift */,
				9DF0CE7B1C3C5BB3004C98A2 /* goalData.swift */,
			);
			name = Model;
			sourceTree = "<group>";
		};
		9D1F979A1C37A58400534EAB /* View */ = {
			isa = PBXGroup;
			children = (
				9DF0CE781C3C5B9C004C98A2 /* Main.storyboard */,
				9DF0CE741C3C5B93004C98A2 /* Launch Screen.storyboard */,
				9DF0CE751C3C5B93004C98A2 /* LaunchView.swift */,
			);
			name = View;
			sourceTree = "<group>";
		};
		9D1F979B1C37A58C00534EAB /* Controller */ = {
			isa = PBXGroup;
			children = (
				9DF0CE5D1C3C5B17004C98A2 /* LaunchViewController.swift */,
				9DF0CE721C3C5B6B004C98A2 /* AppDelegate.swift */,
				9DF0CE621C3C5B17004C98A2 /* LoginViewController.swift */,
				9DF0CE6E1C3C5B4E004C98A2 /* TeamSelectionViewController.swift */,
				9DF0CE5F1C3C5B17004C98A2 /* CreateTeamViewController.swift */,
				9DF0CE611C3C5B17004C98A2 /* JoinTeamViewController.swift */,
				9DF0CE601C3C5B17004C98A2 /* GoalTypeViewController.swift */,
				9DF0CE701C3C5B5E004C98A2 /* WeightGoalViewController.swift */,
				9DF0CE5E1C3C5B17004C98A2 /* AchieveGoalViewController.swift */,
				9DF0CE631C3C5B17004C98A2 /* MilestoneViewController.swift */,
				9DF0CE5C1C3C5B17004C98A2 /* DashboardViewController.swift */,
				9DE501971C4F0F61002BDC3C /* DashboardViewController_old.swift */,
				9D1777081C4C416E004B85C2 /* RegisterViewController.swift */,
			);
			name = Controller;
			sourceTree = "<group>";
		};
		9DE085AE1C45A7B1009A8DE6 /* Data Model */ = {
			isa = PBXGroup;
			children = (
				9DF0CE7E1C3C5BB3004C98A2 /* CustomUser.swift */,
				9DE085AF1C45AF5A009A8DE6 /* Team.swift */,
				9D1776F91C480D38004B85C2 /* Goal.swift */,
				9D1776FE1C482264004B85C2 /* SubGoal.swift */,
				9D1777001C482F23004B85C2 /* SignUp.swift */,
				9D1777061C4C3AFB004B85C2 /* SignUpData.swift */,
				9DE501991C4F1001002BDC3C /* UserDashboardData.swift */,
				9DE5019B1C4F100D002BDC3C /* TeamDashboardData.swift */,
			);
			name = "Data Model";
			sourceTree = "<group>";
		};
/* End PBXGroup section */

/* Begin PBXNativeTarget section */
		81BA81441A49DA1800E65899 /* Meta */ = {
			isa = PBXNativeTarget;
			buildConfigurationList = 81BA81641A49DA1800E65899 /* Build configuration list for PBXNativeTarget "Meta" */;
			buildPhases = (
				81BA81411A49DA1800E65899 /* Sources */,
				81BA81421A49DA1800E65899 /* Frameworks */,
				81BA81431A49DA1800E65899 /* Resources */,
				81CC85E11A49F6D40076DE19 /* Upload Symbol Files */,
			);
			buildRules = (
			);
			dependencies = (
			);
			name = Meta;
			productName = ParseStarterProject;
			productReference = 81BA81451A49DA1800E65899 /* Meta.app */;
			productType = "com.apple.product-type.application";
		};
/* End PBXNativeTarget section */

/* Begin PBXProject section */
		81BA813D1A49DA1800E65899 /* Project object */ = {
			isa = PBXProject;
			attributes = {
				LastSwiftUpdateCheck = 0720;
				LastUpgradeCheck = 0720;
				ORGANIZATIONNAME = Bagley;
				TargetAttributes = {
					81BA81441A49DA1800E65899 = {
						CreatedOnToolsVersion = 6.1.1;
						DevelopmentTeam = UP8S528XY6;
					};
				};
			};
			buildConfigurationList = 81BA81401A49DA1800E65899 /* Build configuration list for PBXProject "Meta" */;
			compatibilityVersion = "Xcode 3.2";
			developmentRegion = English;
			hasScannedForEncodings = 0;
			knownRegions = (
				en,
				Base,
			);
			mainGroup = 81BA813C1A49DA1800E65899;
			productRefGroup = 81BA81461A49DA1800E65899 /* Products */;
			projectDirPath = "";
			projectRoot = "";
			targets = (
				81BA81441A49DA1800E65899 /* Meta */,
			);
		};
/* End PBXProject section */

/* Begin PBXResourcesBuildPhase section */
		81BA81431A49DA1800E65899 /* Resources */ = {
			isa = PBXResourcesBuildPhase;
			buildActionMask = 2147483647;
			files = (
				814C3ACB1B69877600E307BB /* Images.xcassets in Resources */,
				9DF0CE761C3C5B93004C98A2 /* Launch Screen.storyboard in Resources */,
				9DF0CE791C3C5B9C004C98A2 /* Main.storyboard in Resources */,
			);
			runOnlyForDeploymentPostprocessing = 0;
		};
/* End PBXResourcesBuildPhase section */

/* Begin PBXShellScriptBuildPhase section */
		81CC85E11A49F6D40076DE19 /* Upload Symbol Files */ = {
			isa = PBXShellScriptBuildPhase;
			buildActionMask = 2147483647;
			files = (
			);
			inputPaths = (
			);
			name = "Upload Symbol Files";
			outputPaths = (
			);
			runOnlyForDeploymentPostprocessing = 0;
			shellPath = /bin/sh;
			shellScript = "# This script will upload symbol files for your application,\n# so all your crash reports are going to be symbolicated\n\n# Important!\n# Before using the script, please initialize CloudCode folder and replace <path_to_cloudcode_folder> with the path to it\n#\n# Read more on Parse.com - https://parse.com/apps/quickstart#analytics/crashreporting/ios/\n############################################################\n\n\n# export PATH=/usr/local/bin:$PATH\n# cd <path_to_cloudcode_folder>\n\n# parse symbols -p \"${DWARF_DSYM_FOLDER_PATH}/${DWARF_DSYM_FILE_NAME}\"\n";
		};
/* End PBXShellScriptBuildPhase section */

/* Begin PBXSourcesBuildPhase section */
		81BA81411A49DA1800E65899 /* Sources */ = {
			isa = PBXSourcesBuildPhase;
			buildActionMask = 2147483647;
			files = (
				9DF0CE6B1C3C5B17004C98A2 /* LoginViewController.swift in Sources */,
				9DF0CE651C3C5B17004C98A2 /* DashboardViewController.swift in Sources */,
				9DF0CE691C3C5B17004C98A2 /* GoalTypeViewController.swift in Sources */,
				9D1777091C4C416E004B85C2 /* RegisterViewController.swift in Sources */,
				9DF0CE831C3C5BB3004C98A2 /* CustomUser.swift in Sources */,
				9DF0CE711C3C5B5E004C98A2 /* WeightGoalViewController.swift in Sources */,
				9DE085B01C45AF5A009A8DE6 /* Team.swift in Sources */,
				9D1777011C482F24004B85C2 /* SignUp.swift in Sources */,
				9DE5019A1C4F1001002BDC3C /* UserDashboardData.swift in Sources */,
				9DF0CE731C3C5B6B004C98A2 /* AppDelegate.swift in Sources */,
				9DF0CE6F1C3C5B4E004C98A2 /* TeamSelectionViewController.swift in Sources */,
				9DF0CE671C3C5B17004C98A2 /* AchieveGoalViewController.swift in Sources */,
				9DF0CE771C3C5B93004C98A2 /* LaunchView.swift in Sources */,
				9DF0CE801C3C5BB3004C98A2 /* goalData.swift in Sources */,
				9DF0CE681C3C5B17004C98A2 /* CreateTeamViewController.swift in Sources */,
				9DE5019C1C4F100D002BDC3C /* TeamDashboardData.swift in Sources */,
				9D1776FA1C480D38004B85C2 /* Goal.swift in Sources */,
				9DF0CE5B1C3C5AFA004C98A2 /* Colors.swift in Sources */,
				9DF0CE6C1C3C5B17004C98A2 /* MilestoneViewController.swift in Sources */,
				9DF0CE6A1C3C5B17004C98A2 /* JoinTeamViewController.swift in Sources */,
				9DF0CE661C3C5B17004C98A2 /* LaunchViewController.swift in Sources */,
				9DE501981C4F0F61002BDC3C /* DashboardViewController_old.swift in Sources */,
				9D1777071C4C3AFB004B85C2 /* SignUpData.swift in Sources */,
				9DBF62361C3AF1C400042643 /* ColorExtension.swift in Sources */,
				9DF0CE7F1C3C5BB3004C98A2 /* Dashboard.swift in Sources */,
				9D1776FF1C482264004B85C2 /* SubGoal.swift in Sources */,
			);
			runOnlyForDeploymentPostprocessing = 0;
		};
/* End PBXSourcesBuildPhase section */

/* Begin XCBuildConfiguration section */
		81BA81621A49DA1800E65899 /* Debug */ = {
			isa = XCBuildConfiguration;
			buildSettings = {
				ALWAYS_SEARCH_USER_PATHS = NO;
				CLANG_CXX_LANGUAGE_STANDARD = "gnu++0x";
				CLANG_CXX_LIBRARY = "libc++";
				CLANG_ENABLE_MODULES = YES;
				CLANG_ENABLE_OBJC_ARC = YES;
				CLANG_WARN_BOOL_CONVERSION = YES;
				CLANG_WARN_CONSTANT_CONVERSION = YES;
				CLANG_WARN_DIRECT_OBJC_ISA_USAGE = YES_ERROR;
				CLANG_WARN_EMPTY_BODY = YES;
				CLANG_WARN_ENUM_CONVERSION = YES;
				CLANG_WARN_INT_CONVERSION = YES;
				CLANG_WARN_OBJC_ROOT_CLASS = YES_ERROR;
				CLANG_WARN_UNREACHABLE_CODE = YES;
				CLANG_WARN__DUPLICATE_METHOD_MATCH = YES;
				"CODE_SIGN_IDENTITY[sdk=iphoneos*]" = "iPhone Developer";
				COPY_PHASE_STRIP = NO;
				ENABLE_STRICT_OBJC_MSGSEND = YES;
				GCC_C_LANGUAGE_STANDARD = gnu99;
				GCC_DYNAMIC_NO_PIC = NO;
				GCC_OPTIMIZATION_LEVEL = 0;
				GCC_PREPROCESSOR_DEFINITIONS = (
					"DEBUG=1",
					"$(inherited)",
				);
				GCC_SYMBOLS_PRIVATE_EXTERN = NO;
				GCC_WARN_64_TO_32_BIT_CONVERSION = YES;
				GCC_WARN_ABOUT_RETURN_TYPE = YES_ERROR;
				GCC_WARN_UNDECLARED_SELECTOR = YES;
				GCC_WARN_UNINITIALIZED_AUTOS = YES_AGGRESSIVE;
				GCC_WARN_UNUSED_FUNCTION = YES;
				GCC_WARN_UNUSED_VARIABLE = YES;
				IPHONEOS_DEPLOYMENT_TARGET = 7.0;
				MTL_ENABLE_DEBUG_INFO = YES;
				ONLY_ACTIVE_ARCH = YES;
				SDKROOT = iphoneos;
				SWIFT_OPTIMIZATION_LEVEL = "-Onone";
				TARGETED_DEVICE_FAMILY = "1,2";
			};
			name = Debug;
		};
		81BA81631A49DA1800E65899 /* Release */ = {
			isa = XCBuildConfiguration;
			buildSettings = {
				ALWAYS_SEARCH_USER_PATHS = NO;
				CLANG_CXX_LANGUAGE_STANDARD = "gnu++0x";
				CLANG_CXX_LIBRARY = "libc++";
				CLANG_ENABLE_MODULES = YES;
				CLANG_ENABLE_OBJC_ARC = YES;
				CLANG_WARN_BOOL_CONVERSION = YES;
				CLANG_WARN_CONSTANT_CONVERSION = YES;
				CLANG_WARN_DIRECT_OBJC_ISA_USAGE = YES_ERROR;
				CLANG_WARN_EMPTY_BODY = YES;
				CLANG_WARN_ENUM_CONVERSION = YES;
				CLANG_WARN_INT_CONVERSION = YES;
				CLANG_WARN_OBJC_ROOT_CLASS = YES_ERROR;
				CLANG_WARN_UNREACHABLE_CODE = YES;
				CLANG_WARN__DUPLICATE_METHOD_MATCH = YES;
				"CODE_SIGN_IDENTITY[sdk=iphoneos*]" = "iPhone Developer";
				COPY_PHASE_STRIP = YES;
				ENABLE_NS_ASSERTIONS = NO;
				ENABLE_STRICT_OBJC_MSGSEND = YES;
				GCC_C_LANGUAGE_STANDARD = gnu99;
				GCC_WARN_64_TO_32_BIT_CONVERSION = YES;
				GCC_WARN_ABOUT_RETURN_TYPE = YES_ERROR;
				GCC_WARN_UNDECLARED_SELECTOR = YES;
				GCC_WARN_UNINITIALIZED_AUTOS = YES_AGGRESSIVE;
				GCC_WARN_UNUSED_FUNCTION = YES;
				GCC_WARN_UNUSED_VARIABLE = YES;
				IPHONEOS_DEPLOYMENT_TARGET = 7.0;
				MTL_ENABLE_DEBUG_INFO = NO;
				SDKROOT = iphoneos;
				TARGETED_DEVICE_FAMILY = "1,2";
				VALIDATE_PRODUCT = YES;
			};
			name = Release;
		};
		81BA81651A49DA1800E65899 /* Debug */ = {
			isa = XCBuildConfiguration;
			buildSettings = {
				ASSETCATALOG_COMPILER_APPICON_NAME = AppIcon;
				ASSETCATALOG_COMPILER_LAUNCHIMAGE_NAME = LaunchImage;
				CLANG_ENABLE_MODULES = YES;
				CODE_SIGN_IDENTITY = "iPhone Developer";
				FRAMEWORK_SEARCH_PATHS = (
					"$(inherited)",
					"$(PROJECT_DIR)",
				);
				INFOPLIST_FILE = Resources/Info.plist;
				LD_RUNPATH_SEARCH_PATHS = "$(inherited) @executable_path/Frameworks";
				PRODUCT_BUNDLE_IDENTIFIER = com.bagley.TeamGoal;
				PRODUCT_NAME = Meta;
				SWIFT_OBJC_BRIDGING_HEADER = "Resources/Meta-Bridging-Header.h";
				SWIFT_OPTIMIZATION_LEVEL = "-Onone";
				TARGETED_DEVICE_FAMILY = 1;
			};
			name = Debug;
		};
		81BA81661A49DA1800E65899 /* Release */ = {
			isa = XCBuildConfiguration;
			buildSettings = {
				ASSETCATALOG_COMPILER_APPICON_NAME = AppIcon;
				ASSETCATALOG_COMPILER_LAUNCHIMAGE_NAME = LaunchImage;
				CLANG_ENABLE_MODULES = YES;
				CODE_SIGN_IDENTITY = "iPhone Developer";
				FRAMEWORK_SEARCH_PATHS = (
					"$(inherited)",
					"$(PROJECT_DIR)",
				);
				INFOPLIST_FILE = Resources/Info.plist;
				LD_RUNPATH_SEARCH_PATHS = "$(inherited) @executable_path/Frameworks";
				PRODUCT_BUNDLE_IDENTIFIER = com.bagley.TeamGoal;
				PRODUCT_NAME = Meta;
				SWIFT_OBJC_BRIDGING_HEADER = "Resources/Meta-Bridging-Header.h";
				TARGETED_DEVICE_FAMILY = 1;
			};
			name = Release;
		};
/* End XCBuildConfiguration section */

/* Begin XCConfigurationList section */
		81BA81401A49DA1800E65899 /* Build configuration list for PBXProject "Meta" */ = {
			isa = XCConfigurationList;
			buildConfigurations = (
				81BA81621A49DA1800E65899 /* Debug */,
				81BA81631A49DA1800E65899 /* Release */,
			);
			defaultConfigurationIsVisible = 0;
			defaultConfigurationName = Release;
		};
		81BA81641A49DA1800E65899 /* Build configuration list for PBXNativeTarget "Meta" */ = {
			isa = XCConfigurationList;
			buildConfigurations = (
				81BA81651A49DA1800E65899 /* Debug */,
				81BA81661A49DA1800E65899 /* Release */,
			);
			defaultConfigurationIsVisible = 0;
			defaultConfigurationName = Release;
		};
/* End XCConfigurationList section */
	};
	rootObject = 81BA813D1A49DA1800E65899 /* Project object */;
}
